
Microsoft Visual Studio Solution File, Format Version 12.00
# Visual Studio Version 17
VisualStudioVersion = 17.2.32526.322
MinimumVisualStudioVersion = 10.0.40219.1
Project("{FAE04EC0-301F-11D3-BF4B-00C04F79EFBC}") = "MvcWebApp", "MvcWebApp\MvcWebApp.csproj", "{4CE63991-F5A4-47A3-87E6-C3DF4964126A}"
EndProject
Global
	GlobalSection(SolutionConfigurationPlatforms) = preSolution
		Debug|Any CPU = Debug|Any CPU
		Release|Any CPU = Release|Any CPU
	EndGlobalSection
	GlobalSection(ProjectConfigurationPlatforms) = postSolution
		{4CE63991-F5A4-47A3-87E6-C3DF4964126A}.Debug|Any CPU.ActiveCfg = Debug|Any CPU
		{4CE63991-F5A4-47A3-87E6-C3DF4964126A}.Debug|Any CPU.Build.0 = Debug|Any CPU
		{4CE63991-F5A4-47A3-87E6-C3DF4964126A}.Release|Any CPU.ActiveCfg = Release|Any CPU
		{4CE63991-F5A4-47A3-87E6-C3DF4964126A}.Release|Any CPU.Build.0 = Release|Any CPU
	EndGlobalSection
	GlobalSection(SolutionProperties) = preSolution
		HideSolutionNode = FALSE
	EndGlobalSection
	GlobalSection(ExtensibilityGlobals) = postSolution
		SolutionGuid = {BB02CA22-164D-4A53-A07D-3504A67A37E0}
	EndGlobalSection
EndGlobal
